
Microsoft Visual Studio Solution File, Format Version 12.00
# Visual Studio Version 16
VisualStudioVersion = 16.0.30225.117
MinimumVisualStudioVersion = 10.0.40219.1
Project("{9A19103F-16F7-4668-BE54-9A1E7A4F7556}") = "API", "API\API.csproj", "{B4E1D669-C66E-4769-93DF-952F3641636F}"
EndProject
Project("{9A19103F-16F7-4668-BE54-9A1E7A4F7556}") = "Domain", "Domain\Domain.csproj", "{606AF2AD-9F69-4373-92FE-7CA5AE5B72C3}"
EndProject
Project("{9A19103F-16F7-4668-BE54-9A1E7A4F7556}") = "Application", "Application\Application.csproj", "{2FB0855D-0364-4085-B474-593ADC1C142C}"
	ProjectSection(ProjectDependencies) = postProject
		{18C01C0F-F55C-4715-820D-325BEEEAB864} = {18C01C0F-F55C-4715-820D-325BEEEAB864}
		{606AF2AD-9F69-4373-92FE-7CA5AE5B72C3} = {606AF2AD-9F69-4373-92FE-7CA5AE5B72C3}
	EndProjectSection
EndProject
Project("{9A19103F-16F7-4668-BE54-9A1E7A4F7556}") = "Persistence", "Persistence\Persistence.csproj", "{18C01C0F-F55C-4715-820D-325BEEEAB864}"
EndProject
Project("{2150E333-8FDC-42A3-9474-1A3956D46DE8}") = "client-app", "client-app", "{723D9855-3081-4A8E-8948-FA943B8A540F}"
	ProjectSection(SolutionItems) = preProject
		client-app\.gitignore = client-app\.gitignore
		client-app\package-lock.json = client-app\package-lock.json
		client-app\package.json = client-app\package.json
		client-app\README.md = client-app\README.md
		client-app\tsconfig.json = client-app\tsconfig.json
	EndProjectSection
EndProject
Project("{2150E333-8FDC-42A3-9474-1A3956D46DE8}") = "src", "src", "{0CB0C73E-C253-4726-9510-B9DDD7707FC7}"
	ProjectSection(SolutionItems) = preProject
		client-app\src\index.tsx = client-app\src\index.tsx
		client-app\src\react-app-env.d.ts = client-app\src\react-app-env.d.ts
		client-app\src\serviceWorker.ts = client-app\src\serviceWorker.ts
		client-app\src\setupTests.ts = client-app\src\setupTests.ts
	EndProjectSection
EndProject
Project("{2150E333-8FDC-42A3-9474-1A3956D46DE8}") = "public", "public", "{C43087D9-B73D-4D5A-9031-4F37573F946E}"
	ProjectSection(SolutionItems) = preProject
		client-app\public\favicon.ico = client-app\public\favicon.ico
		client-app\public\index.html = client-app\public\index.html
		client-app\public\logo192.png = client-app\public\logo192.png
		client-app\public\logo512.png = client-app\public\logo512.png
		client-app\public\manifest.json = client-app\public\manifest.json
		client-app\public\robots.txt = client-app\public\robots.txt
	EndProjectSection
EndProject
Project("{2150E333-8FDC-42A3-9474-1A3956D46DE8}") = "Solution Items", "Solution Items", "{23B76064-CBBE-4C6E-BD1A-F52B5BCF417D}"
	ProjectSection(SolutionItems) = preProject
		SquareRoot.snippet = SquareRoot.snippet
	EndProjectSection
EndProject
Project("{2150E333-8FDC-42A3-9474-1A3956D46DE8}") = "app", "app", "{FB726FD4-F84B-44E4-9449-14EE0619AE03}"
EndProject
Project("{2150E333-8FDC-42A3-9474-1A3956D46DE8}") = "features", "features", "{1B53E4FB-2ACA-46CE-A006-5CAE6F071069}"
EndProject
Project("{2150E333-8FDC-42A3-9474-1A3956D46DE8}") = "layout", "layout", "{0BA28054-8E50-4480-A491-0A5E7498C6C5}"
	ProjectSection(SolutionItems) = preProject
		client-app\src\App.tsx = client-app\src\App.tsx
		client-app\src\styles.css = client-app\src\styles.css
	EndProjectSection
EndProject
Project("{2150E333-8FDC-42A3-9474-1A3956D46DE8}") = "models", "models", "{A4FC4497-EB3C-4A2A-B8F4-CEB5372BB373}"
	ProjectSection(SolutionItems) = preProject
		activity.ts = activity.ts
	EndProjectSection
EndProject
Global
	GlobalSection(SolutionConfigurationPlatforms) = preSolution
		Debug|Any CPU = Debug|Any CPU
		Release|Any CPU = Release|Any CPU
	EndGlobalSection
	GlobalSection(ProjectConfigurationPlatforms) = postSolution
		{B4E1D669-C66E-4769-93DF-952F3641636F}.Debug|Any CPU.ActiveCfg = Debug|Any CPU
		{B4E1D669-C66E-4769-93DF-952F3641636F}.Debug|Any CPU.Build.0 = Debug|Any CPU
		{B4E1D669-C66E-4769-93DF-952F3641636F}.Release|Any CPU.ActiveCfg = Release|Any CPU
		{B4E1D669-C66E-4769-93DF-952F3641636F}.Release|Any CPU.Build.0 = Release|Any CPU
		{606AF2AD-9F69-4373-92FE-7CA5AE5B72C3}.Debug|Any CPU.ActiveCfg = Debug|Any CPU
		{606AF2AD-9F69-4373-92FE-7CA5AE5B72C3}.Debug|Any CPU.Build.0 = Debug|Any CPU
		{606AF2AD-9F69-4373-92FE-7CA5AE5B72C3}.Release|Any CPU.ActiveCfg = Release|Any CPU
		{606AF2AD-9F69-4373-92FE-7CA5AE5B72C3}.Release|Any CPU.Build.0 = Release|Any CPU
		{2FB0855D-0364-4085-B474-593ADC1C142C}.Debug|Any CPU.ActiveCfg = Debug|Any CPU
		{2FB0855D-0364-4085-B474-593ADC1C142C}.Debug|Any CPU.Build.0 = Debug|Any CPU
		{2FB0855D-0364-4085-B474-593ADC1C142C}.Release|Any CPU.ActiveCfg = Release|Any CPU
		{2FB0855D-0364-4085-B474-593ADC1C142C}.Release|Any CPU.Build.0 = Release|Any CPU
		{18C01C0F-F55C-4715-820D-325BEEEAB864}.Debug|Any CPU.ActiveCfg = Debug|Any CPU
		{18C01C0F-F55C-4715-820D-325BEEEAB864}.Debug|Any CPU.Build.0 = Debug|Any CPU
		{18C01C0F-F55C-4715-820D-325BEEEAB864}.Release|Any CPU.ActiveCfg = Release|Any CPU
		{18C01C0F-F55C-4715-820D-325BEEEAB864}.Release|Any CPU.Build.0 = Release|Any CPU
	EndGlobalSection
	GlobalSection(SolutionProperties) = preSolution
		HideSolutionNode = FALSE
	EndGlobalSection
	GlobalSection(NestedProjects) = preSolution
		{0CB0C73E-C253-4726-9510-B9DDD7707FC7} = {723D9855-3081-4A8E-8948-FA943B8A540F}
		{C43087D9-B73D-4D5A-9031-4F37573F946E} = {723D9855-3081-4A8E-8948-FA943B8A540F}
		{FB726FD4-F84B-44E4-9449-14EE0619AE03} = {0CB0C73E-C253-4726-9510-B9DDD7707FC7}
		{1B53E4FB-2ACA-46CE-A006-5CAE6F071069} = {0CB0C73E-C253-4726-9510-B9DDD7707FC7}
		{0BA28054-8E50-4480-A491-0A5E7498C6C5} = {FB726FD4-F84B-44E4-9449-14EE0619AE03}
		{A4FC4497-EB3C-4A2A-B8F4-CEB5372BB373} = {FB726FD4-F84B-44E4-9449-14EE0619AE03}
	EndGlobalSection
	GlobalSection(ExtensibilityGlobals) = postSolution
		SolutionGuid = {6EBFFF25-729A-4340-BAB2-4BD6DD9F59B4}
		    SolutionGuid = {78E52CB3-A922-443E-A58E-C634F02D50FB}
	EndGlobalSection
EndGlobal
